
Microsoft Visual Studio Solution File, Format Version 12.00
Project("{FAE04EC0-301F-11D3-BF4B-00C04F79EFBC}") = "EncodeDecode", "EncodeDecode\EncodeDecode.csproj", "{96483717-113D-47D1-98A2-0ACA69EE8A4A}"
EndProject
Global
	GlobalSection(SolutionConfigurationPlatforms) = preSolution
		Debug|Any CPU = Debug|Any CPU
		Release|Any CPU = Release|Any CPU
	EndGlobalSection
	GlobalSection(ProjectConfigurationPlatforms) = postSolution
		{96483717-113D-47D1-98A2-0ACA69EE8A4A}.Debug|Any CPU.ActiveCfg = Debug|Any CPU
		{96483717-113D-47D1-98A2-0ACA69EE8A4A}.Debug|Any CPU.Build.0 = Debug|Any CPU
		{96483717-113D-47D1-98A2-0ACA69EE8A4A}.Release|Any CPU.ActiveCfg = Release|Any CPU
		{96483717-113D-47D1-98A2-0ACA69EE8A4A}.Release|Any CPU.Build.0 = Release|Any CPU
	EndGlobalSection
EndGlobal
